
Microsoft Visual Studio Solution File, Format Version 12.00
# Visual Studio Version 16
VisualStudioVersion = 16.0.29926.136
MinimumVisualStudioVersion = 10.0.40219.1
Project("{FAE04EC0-301F-11D3-BF4B-00C04F79EFBC}") = "Formulário", "Formulário.csproj", "{10917C80-8083-421E-AA64-B1ABF79FFF30}"
EndProject
Global
	GlobalSection(SolutionConfigurationPlatforms) = preSolution
		Debug|Any CPU = Debug|Any CPU
		Release|Any CPU = Release|Any CPU
	EndGlobalSection
	GlobalSection(ProjectConfigurationPlatforms) = postSolution
		{10917C80-8083-421E-AA64-B1ABF79FFF30}.Debug|Any CPU.ActiveCfg = Debug|Any CPU
		{10917C80-8083-421E-AA64-B1ABF79FFF30}.Debug|Any CPU.Build.0 = Debug|Any CPU
		{10917C80-8083-421E-AA64-B1ABF79FFF30}.Release|Any CPU.ActiveCfg = Release|Any CPU
		{10917C80-8083-421E-AA64-B1ABF79FFF30}.Release|Any CPU.Build.0 = Release|Any CPU
	EndGlobalSection
	GlobalSection(SolutionProperties) = preSolution
		HideSolutionNode = FALSE
	EndGlobalSection
	GlobalSection(ExtensibilityGlobals) = postSolution
		SolutionGuid = {1D9E4199-943D-4A73-BA30-AB1F9AE12F7E}
	EndGlobalSection
EndGlobal
